{
  "name": "angularjs",
  "version": "1.0.0",
  "lockfileVersion": 2,
  "requires": true,
  "packages": {
    "": {
      "name": "angularjs",
      "version": "1.0.0",
      "license": "ISC",
      "dependencies": {
        "angular": "1.4"
      }
    },
    "node_modules/angular": {
      "version": "1.4.14",
      "resolved": "https://registry.npmjs.org/angular/-/angular-1.4.14.tgz",
      "integrity": "sha512-C7sWDna0j/RcDq0+aUhFPhkWqOS+8CSMPx7Mz0hmxOcu921GWwgD3zyDqTkLlOA+wxwh5ecmVyG1lggqvD+icQ==",
      "deprecated": "For the actively supported Angular, see https://www.npmjs.com/package/@angular/core. AngularJS support has officially ended. For extended AngularJS support options, see https://goo.gle/angularjs-path-forward."
    }
  },
  "dependencies": {
    "angular": {
      "version": "1.4.14",
      "resolved": "https://registry.npmjs.org/angular/-/angular-1.4.14.tgz",
      "integrity": "sha512-C7sWDna0j/RcDq0+aUhFPhkWqOS+8CSMPx7Mz0hmxOcu921GWwgD3zyDqTkLlOA+wxwh5ecmVyG1lggqvD+icQ=="
    }
  }
}
